github.com/jmooring/hugo-module-feature-test v0.20.0 h1:mUDvj6pr9sHBCNn5Q0Sq7yAF+GLgrepMszxGcHcMc1k=
github.com/jmooring/hugo-module-feature-test v0.20.0/go.mod h1:6dpl5tFY0LV2DCXNt0H40hN6sEncF2robyG/rQDczHg=
github.com/jmooring/hugo-module-feature-test v0.21.0 h1:e0xaXbWeZLINNMxqoMGgVrXSKNWLhhcFOQ7J/N3f4cY=
github.com/jmooring/hugo-module-feature-test v0.21.0/go.mod h1:6dpl5tFY0LV2DCXNt0H40hN6sEncF2robyG/rQDczHg=
